
Microsoft Visual Studio Solution File, Format Version 12.00
# Visual Studio Version 17
VisualStudioVersion = 17.5.33627.172
MinimumVisualStudioVersion = 10.0.40219.1
Project("{FAE04EC0-301F-11D3-BF4B-00C04F79EFBC}") = "DemoCapasApi", "DemoCapasApi\DemoCapasApi.csproj", "{76A331E4-89B7-4522-B2EB-9C2582838E26}"
EndProject
Project("{FAE04EC0-301F-11D3-BF4B-00C04F79EFBC}") = "CapaDatos", "CapaDatos\CapaDatos.csproj", "{C7D3EDEF-B850-46C2-8712-30E259C14722}"
EndProject
Project("{FAE04EC0-301F-11D3-BF4B-00C04F79EFBC}") = "CapaNegocio", "CapaNegocio\CapaNegocio.csproj", "{73FD898A-6785-449B-B8AF-8CFB646080FF}"
EndProject
Global
	GlobalSection(SolutionConfigurationPlatforms) = preSolution
		Debug|Any CPU = Debug|Any CPU
		Release|Any CPU = Release|Any CPU
	EndGlobalSection
	GlobalSection(ProjectConfigurationPlatforms) = postSolution
		{76A331E4-89B7-4522-B2EB-9C2582838E26}.Debug|Any CPU.ActiveCfg = Debug|Any CPU
		{76A331E4-89B7-4522-B2EB-9C2582838E26}.Debug|Any CPU.Build.0 = Debug|Any CPU
		{76A331E4-89B7-4522-B2EB-9C2582838E26}.Release|Any CPU.ActiveCfg = Release|Any CPU
		{76A331E4-89B7-4522-B2EB-9C2582838E26}.Release|Any CPU.Build.0 = Release|Any CPU
		{C7D3EDEF-B850-46C2-8712-30E259C14722}.Debug|Any CPU.ActiveCfg = Debug|Any CPU
		{C7D3EDEF-B850-46C2-8712-30E259C14722}.Debug|Any CPU.Build.0 = Debug|Any CPU
		{C7D3EDEF-B850-46C2-8712-30E259C14722}.Release|Any CPU.ActiveCfg = Release|Any CPU
		{C7D3EDEF-B850-46C2-8712-30E259C14722}.Release|Any CPU.Build.0 = Release|Any CPU
		{73FD898A-6785-449B-B8AF-8CFB646080FF}.Debug|Any CPU.ActiveCfg = Debug|Any CPU
		{73FD898A-6785-449B-B8AF-8CFB646080FF}.Debug|Any CPU.Build.0 = Debug|Any CPU
		{73FD898A-6785-449B-B8AF-8CFB646080FF}.Release|Any CPU.ActiveCfg = Release|Any CPU
		{73FD898A-6785-449B-B8AF-8CFB646080FF}.Release|Any CPU.Build.0 = Release|Any CPU
	EndGlobalSection
	GlobalSection(SolutionProperties) = preSolution
		HideSolutionNode = FALSE
	EndGlobalSection
	GlobalSection(ExtensibilityGlobals) = postSolution
		SolutionGuid = {46D7B2D9-FD85-4C79-BA74-189849EEB739}
	EndGlobalSection
EndGlobal
